
Microsoft Visual Studio Solution File, Format Version 12.00
# Visual Studio 14
VisualStudioVersion = 14.0.22823.1
MinimumVisualStudioVersion = 10.0.40219.1
Project("{2150E333-8FDC-42A3-9474-1A3956D46DE8}") = "src", "src", "{E9E7ADCC-A6DA-4CA3-B589-B4C1487BD185}"
EndProject
Project("{2150E333-8FDC-42A3-9474-1A3956D46DE8}") = "Solution Items", "Solution Items", "{0A0F4782-7B0C-432F-B150-BF1FB7297A7C}"
	ProjectSection(SolutionItems) = preProject
		global.json = global.json
	EndProjectSection
EndProject
Project("{2150E333-8FDC-42A3-9474-1A3956D46DE8}") = "4. Domain", "4. Domain", "{0AAEB351-10D4-4D0A-A6E2-65F8D3219058}"
EndProject
Project("{2150E333-8FDC-42A3-9474-1A3956D46DE8}") = "3. Infrastructure", "3. Infrastructure", "{4A98055C-2BD5-4310-854A-986626B2A90F}"
EndProject
Project("{2150E333-8FDC-42A3-9474-1A3956D46DE8}") = "1. Applications", "1. Applications", "{66331A42-05C3-4183-BE05-0C94CE9E3915}"
EndProject
Project("{2150E333-8FDC-42A3-9474-1A3956D46DE8}") = "2. Business", "2. Business", "{F455C62C-963B-44C0-88B5-C8C2813E57CA}"
EndProject
Project("{8BB2217D-0F2D-49D1-97BC-3654ED321F3B}") = "nexTwitter", "src\nexTwitter\nexTwitter.xproj", "{B838EE39-03EC-4F90-81DB-5FEA7C249332}"
	ProjectSection(ProjectDependencies) = postProject
		{0CD6616A-072A-4724-A498-D245A29DAAE4} = {0CD6616A-072A-4724-A498-D245A29DAAE4}
		{6040626F-F374-4CA8-9880-EDDFC47DA322} = {6040626F-F374-4CA8-9880-EDDFC47DA322}
		{3452ECD8-CE6B-40B2-A81F-995552F268B8} = {3452ECD8-CE6B-40B2-A81F-995552F268B8}
	EndProjectSection
EndProject
Project("{8BB2217D-0F2D-49D1-97BC-3654ED321F3B}") = "nexTwitter.Infrastructure", "src\nexTwitter.Infrastructure\nexTwitter.Infrastructure.xproj", "{6040626F-F374-4CA8-9880-EDDFC47DA322}"
EndProject
Project("{8BB2217D-0F2D-49D1-97BC-3654ED321F3B}") = "nexTwitter.Business.ApplicationServices", "src\nexTwitter.Business.ApplicationServices\nexTwitter.Business.ApplicationServices.xproj", "{7E2953A9-32FA-4096-8E72-70E2CFCD1721}"
	ProjectSection(ProjectDependencies) = postProject
		{0CD6616A-072A-4724-A498-D245A29DAAE4} = {0CD6616A-072A-4724-A498-D245A29DAAE4}
		{3452ECD8-CE6B-40B2-A81F-995552F268B8} = {3452ECD8-CE6B-40B2-A81F-995552F268B8}
	EndProjectSection
EndProject
Project("{8BB2217D-0F2D-49D1-97BC-3654ED321F3B}") = "nexTwitter.Infrastructure.Data", "src\nexTwitter.Infrastructure.Data\nexTwitter.Infrastructure.Data.xproj", "{3452ECD8-CE6B-40B2-A81F-995552F268B8}"
	ProjectSection(ProjectDependencies) = postProject
		{0CD6616A-072A-4724-A498-D245A29DAAE4} = {0CD6616A-072A-4724-A498-D245A29DAAE4}
	EndProjectSection
EndProject
Project("{8BB2217D-0F2D-49D1-97BC-3654ED321F3B}") = "nexTwitter.Domain", "src\nexTwitter.Domain\nexTwitter.Domain.xproj", "{0CD6616A-072A-4724-A498-D245A29DAAE4}"
EndProject
Global
	GlobalSection(SolutionConfigurationPlatforms) = preSolution
		Debug|Any CPU = Debug|Any CPU
		Release|Any CPU = Release|Any CPU
	EndGlobalSection
	GlobalSection(ProjectConfigurationPlatforms) = postSolution
		{B838EE39-03EC-4F90-81DB-5FEA7C249332}.Debug|Any CPU.ActiveCfg = Debug|Any CPU
		{B838EE39-03EC-4F90-81DB-5FEA7C249332}.Debug|Any CPU.Build.0 = Debug|Any CPU
		{B838EE39-03EC-4F90-81DB-5FEA7C249332}.Release|Any CPU.ActiveCfg = Release|Any CPU
		{B838EE39-03EC-4F90-81DB-5FEA7C249332}.Release|Any CPU.Build.0 = Release|Any CPU
		{6040626F-F374-4CA8-9880-EDDFC47DA322}.Debug|Any CPU.ActiveCfg = Debug|Any CPU
		{6040626F-F374-4CA8-9880-EDDFC47DA322}.Debug|Any CPU.Build.0 = Debug|Any CPU
		{6040626F-F374-4CA8-9880-EDDFC47DA322}.Release|Any CPU.ActiveCfg = Release|Any CPU
		{6040626F-F374-4CA8-9880-EDDFC47DA322}.Release|Any CPU.Build.0 = Release|Any CPU
		{7E2953A9-32FA-4096-8E72-70E2CFCD1721}.Debug|Any CPU.ActiveCfg = Debug|Any CPU
		{7E2953A9-32FA-4096-8E72-70E2CFCD1721}.Debug|Any CPU.Build.0 = Debug|Any CPU
		{7E2953A9-32FA-4096-8E72-70E2CFCD1721}.Release|Any CPU.ActiveCfg = Release|Any CPU
		{7E2953A9-32FA-4096-8E72-70E2CFCD1721}.Release|Any CPU.Build.0 = Release|Any CPU
		{3452ECD8-CE6B-40B2-A81F-995552F268B8}.Debug|Any CPU.ActiveCfg = Debug|Any CPU
		{3452ECD8-CE6B-40B2-A81F-995552F268B8}.Debug|Any CPU.Build.0 = Debug|Any CPU
		{3452ECD8-CE6B-40B2-A81F-995552F268B8}.Release|Any CPU.ActiveCfg = Release|Any CPU
		{3452ECD8-CE6B-40B2-A81F-995552F268B8}.Release|Any CPU.Build.0 = Release|Any CPU
		{0CD6616A-072A-4724-A498-D245A29DAAE4}.Debug|Any CPU.ActiveCfg = Debug|Any CPU
		{0CD6616A-072A-4724-A498-D245A29DAAE4}.Debug|Any CPU.Build.0 = Debug|Any CPU
		{0CD6616A-072A-4724-A498-D245A29DAAE4}.Release|Any CPU.ActiveCfg = Release|Any CPU
		{0CD6616A-072A-4724-A498-D245A29DAAE4}.Release|Any CPU.Build.0 = Release|Any CPU
	EndGlobalSection
	GlobalSection(SolutionProperties) = preSolution
		HideSolutionNode = FALSE
	EndGlobalSection
	GlobalSection(NestedProjects) = preSolution
		{0AAEB351-10D4-4D0A-A6E2-65F8D3219058} = {E9E7ADCC-A6DA-4CA3-B589-B4C1487BD185}
		{4A98055C-2BD5-4310-854A-986626B2A90F} = {E9E7ADCC-A6DA-4CA3-B589-B4C1487BD185}
		{66331A42-05C3-4183-BE05-0C94CE9E3915} = {E9E7ADCC-A6DA-4CA3-B589-B4C1487BD185}
		{F455C62C-963B-44C0-88B5-C8C2813E57CA} = {E9E7ADCC-A6DA-4CA3-B589-B4C1487BD185}
		{B838EE39-03EC-4F90-81DB-5FEA7C249332} = {66331A42-05C3-4183-BE05-0C94CE9E3915}
		{6040626F-F374-4CA8-9880-EDDFC47DA322} = {4A98055C-2BD5-4310-854A-986626B2A90F}
		{7E2953A9-32FA-4096-8E72-70E2CFCD1721} = {F455C62C-963B-44C0-88B5-C8C2813E57CA}
		{3452ECD8-CE6B-40B2-A81F-995552F268B8} = {4A98055C-2BD5-4310-854A-986626B2A90F}
		{0CD6616A-072A-4724-A498-D245A29DAAE4} = {0AAEB351-10D4-4D0A-A6E2-65F8D3219058}
	EndGlobalSection
EndGlobal
